
Microsoft Visual Studio Solution File, Format Version 12.00
# Visual Studio Version 17
VisualStudioVersion = 17.3.32811.315
MinimumVisualStudioVersion = 10.0.40219.1
Project("{9A19103F-16F7-4668-BE54-9A1E7A4F7556}") = "apiauth", "apiauth.csproj", "{E2E40D0B-57BF-4448-B307-D468EBB68AB6}"
EndProject
Project("{2150E333-8FDC-42A3-9474-1A3956D46DE8}") = "Solution Items", "Solution Items", "{01ED0622-CC7D-4171-9CA0-AFA48E1FCF4E}"
	ProjectSection(SolutionItems) = preProject
		.editorconfig = .editorconfig
	EndProjectSection
EndProject
Global
	GlobalSection(SolutionConfigurationPlatforms) = preSolution
		Debug|Any CPU = Debug|Any CPU
		Release|Any CPU = Release|Any CPU
	EndGlobalSection
	GlobalSection(ProjectConfigurationPlatforms) = postSolution
		{E2E40D0B-57BF-4448-B307-D468EBB68AB6}.Debug|Any CPU.ActiveCfg = Debug|Any CPU
		{E2E40D0B-57BF-4448-B307-D468EBB68AB6}.Debug|Any CPU.Build.0 = Debug|Any CPU
		{E2E40D0B-57BF-4448-B307-D468EBB68AB6}.Release|Any CPU.ActiveCfg = Release|Any CPU
		{E2E40D0B-57BF-4448-B307-D468EBB68AB6}.Release|Any CPU.Build.0 = Release|Any CPU
	EndGlobalSection
	GlobalSection(SolutionProperties) = preSolution
		HideSolutionNode = FALSE
	EndGlobalSection
	GlobalSection(ExtensibilityGlobals) = postSolution
		SolutionGuid = {6E4906D9-9D24-434F-A865-6773863C296E}
	EndGlobalSection
EndGlobal
